
Microsoft Visual Studio Solution File, Format Version 12.00
# Visual Studio Version 17
VisualStudioVersion = 17.14.36301.6
MinimumVisualStudioVersion = 10.0.40219.1
Project("{FAE04EC0-301F-11D3-BF4B-00C04F79EFBC}") = "ApiVendas", "ApiVendas\ApiVendas.csproj", "{C594519C-F0E0-4A64-974C-C90C616F53C3}"
EndProject
Global
	GlobalSection(SolutionConfigurationPlatforms) = preSolution
		Debug|Any CPU = Debug|Any CPU
		Release|Any CPU = Release|Any CPU
	EndGlobalSection
	GlobalSection(ProjectConfigurationPlatforms) = postSolution
		{C594519C-F0E0-4A64-974C-C90C616F53C3}.Debug|Any CPU.ActiveCfg = Debug|Any CPU
		{C594519C-F0E0-4A64-974C-C90C616F53C3}.Debug|Any CPU.Build.0 = Debug|Any CPU
		{C594519C-F0E0-4A64-974C-C90C616F53C3}.Release|Any CPU.ActiveCfg = Release|Any CPU
		{C594519C-F0E0-4A64-974C-C90C616F53C3}.Release|Any CPU.Build.0 = Release|Any CPU
	EndGlobalSection
	GlobalSection(SolutionProperties) = preSolution
		HideSolutionNode = FALSE
	EndGlobalSection
	GlobalSection(ExtensibilityGlobals) = postSolution
		SolutionGuid = {9AFB93AA-AFBB-44F2-BC89-81E8DE20F4B6}
	EndGlobalSection
EndGlobal
