
Microsoft Visual Studio Solution File, Format Version 12.00
# Visual Studio Version 16
VisualStudioVersion = 16.0.36631.11
MinimumVisualStudioVersion = 10.0.40219.1
Project("{FAE04EC0-301F-11D3-BF4B-00C04F79EFBC}") = "ProjetoNet", "ProjetoNet\ProjetoNet.csproj", "{0FF6F2CE-505A-4C8F-85A1-15AF4FDDBFA1}"
EndProject
Global
	GlobalSection(SolutionConfigurationPlatforms) = preSolution
		Debug|Any CPU = Debug|Any CPU
		Release|Any CPU = Release|Any CPU
	EndGlobalSection
	GlobalSection(ProjectConfigurationPlatforms) = postSolution
		{0FF6F2CE-505A-4C8F-85A1-15AF4FDDBFA1}.Debug|Any CPU.ActiveCfg = Debug|Any CPU
		{0FF6F2CE-505A-4C8F-85A1-15AF4FDDBFA1}.Debug|Any CPU.Build.0 = Debug|Any CPU
		{0FF6F2CE-505A-4C8F-85A1-15AF4FDDBFA1}.Release|Any CPU.ActiveCfg = Release|Any CPU
		{0FF6F2CE-505A-4C8F-85A1-15AF4FDDBFA1}.Release|Any CPU.Build.0 = Release|Any CPU
	EndGlobalSection
	GlobalSection(SolutionProperties) = preSolution
		HideSolutionNode = FALSE
	EndGlobalSection
	GlobalSection(ExtensibilityGlobals) = postSolution
		SolutionGuid = {67F530D5-7616-481F-9DB9-22DD98CE672B}
	EndGlobalSection
EndGlobal
