
Microsoft Visual Studio Solution File, Format Version 12.00
# Visual Studio Version 17
VisualStudioVersion = 17.14.36301.6
MinimumVisualStudioVersion = 10.0.40219.1
Project("{FAE04EC0-301F-11D3-BF4B-00C04F79EFBC}") = "CalculadoraFrete_SP", "ConsoleApp1\CalculadoraFrete_SP.csproj", "{94C25F0D-8599-4CD7-A324-3CE8BB89CE7B}"
EndProject
Project("{2150E333-8FDC-42A3-9474-1A3956D46DE8}") = "Strategy", "Strategy", "{A972D9FA-2687-F3D4-E065-D0CDBDBBA02E}"
EndProject
Project("{FAE04EC0-301F-11D3-BF4B-00C04F79EFBC}") = "CalculadoraFrete_CP", "CalculadoraFrete_CP\CalculadoraFrete_CP.csproj", "{0D471580-0ECC-4ACB-ACA3-FD9383B0087D}"
EndProject
Global
	GlobalSection(SolutionConfigurationPlatforms) = preSolution
		Debug|Any CPU = Debug|Any CPU
		Release|Any CPU = Release|Any CPU
	EndGlobalSection
	GlobalSection(ProjectConfigurationPlatforms) = postSolution
		{94C25F0D-8599-4CD7-A324-3CE8BB89CE7B}.Debug|Any CPU.ActiveCfg = Debug|Any CPU
		{94C25F0D-8599-4CD7-A324-3CE8BB89CE7B}.Debug|Any CPU.Build.0 = Debug|Any CPU
		{94C25F0D-8599-4CD7-A324-3CE8BB89CE7B}.Release|Any CPU.ActiveCfg = Release|Any CPU
		{94C25F0D-8599-4CD7-A324-3CE8BB89CE7B}.Release|Any CPU.Build.0 = Release|Any CPU
		{0D471580-0ECC-4ACB-ACA3-FD9383B0087D}.Debug|Any CPU.ActiveCfg = Debug|Any CPU
		{0D471580-0ECC-4ACB-ACA3-FD9383B0087D}.Debug|Any CPU.Build.0 = Debug|Any CPU
		{0D471580-0ECC-4ACB-ACA3-FD9383B0087D}.Release|Any CPU.ActiveCfg = Release|Any CPU
		{0D471580-0ECC-4ACB-ACA3-FD9383B0087D}.Release|Any CPU.Build.0 = Release|Any CPU
	EndGlobalSection
	GlobalSection(SolutionProperties) = preSolution
		HideSolutionNode = FALSE
	EndGlobalSection
	GlobalSection(NestedProjects) = preSolution
		{94C25F0D-8599-4CD7-A324-3CE8BB89CE7B} = {A972D9FA-2687-F3D4-E065-D0CDBDBBA02E}
		{0D471580-0ECC-4ACB-ACA3-FD9383B0087D} = {A972D9FA-2687-F3D4-E065-D0CDBDBBA02E}
	EndGlobalSection
	GlobalSection(ExtensibilityGlobals) = postSolution
		SolutionGuid = {27A12DAE-52DE-4041-8E45-5118411E2753}
	EndGlobalSection
EndGlobal
