
Microsoft Visual Studio Solution File, Format Version 12.00
# Visual Studio Version 17
VisualStudioVersion = 17.14.36202.13
MinimumVisualStudioVersion = 10.0.40219.1
Project("{FAE04EC0-301F-11D3-BF4B-00C04F79EFBC}") = "LINQ_ExtensionMethods", "LINQ_ExtensionMethods\LINQ_ExtensionMethods.csproj", "{5C5D955A-BEA0-4CE9-AA74-73CD8573F758}"
EndProject
Global
	GlobalSection(SolutionConfigurationPlatforms) = preSolution
		Debug|Any CPU = Debug|Any CPU
		Release|Any CPU = Release|Any CPU
	EndGlobalSection
	GlobalSection(ProjectConfigurationPlatforms) = postSolution
		{5C5D955A-BEA0-4CE9-AA74-73CD8573F758}.Debug|Any CPU.ActiveCfg = Debug|Any CPU
		{5C5D955A-BEA0-4CE9-AA74-73CD8573F758}.Debug|Any CPU.Build.0 = Debug|Any CPU
		{5C5D955A-BEA0-4CE9-AA74-73CD8573F758}.Release|Any CPU.ActiveCfg = Release|Any CPU
		{5C5D955A-BEA0-4CE9-AA74-73CD8573F758}.Release|Any CPU.Build.0 = Release|Any CPU
	EndGlobalSection
	GlobalSection(SolutionProperties) = preSolution
		HideSolutionNode = FALSE
	EndGlobalSection
	GlobalSection(ExtensibilityGlobals) = postSolution
		SolutionGuid = {6A516D52-9131-41A4-8A4D-FA29735131C9}
	EndGlobalSection
EndGlobal
