
Microsoft Visual Studio Solution File, Format Version 12.00
# Visual Studio Version 16
VisualStudioVersion = 16.0.30621.155
MinimumVisualStudioVersion = 10.0.40219.1
Project("{FAE04EC0-301F-11D3-BF4B-00C04F79EFBC}") = "Aspn_Options", "Aspn_Options\Aspn_Options.csproj", "{9309C368-8387-4196-A86C-4C7FC6EB2EB1}"
EndProject
Global
	GlobalSection(SolutionConfigurationPlatforms) = preSolution
		Debug|Any CPU = Debug|Any CPU
		Release|Any CPU = Release|Any CPU
	EndGlobalSection
	GlobalSection(ProjectConfigurationPlatforms) = postSolution
		{9309C368-8387-4196-A86C-4C7FC6EB2EB1}.Debug|Any CPU.ActiveCfg = Debug|Any CPU
		{9309C368-8387-4196-A86C-4C7FC6EB2EB1}.Debug|Any CPU.Build.0 = Debug|Any CPU
		{9309C368-8387-4196-A86C-4C7FC6EB2EB1}.Release|Any CPU.ActiveCfg = Release|Any CPU
		{9309C368-8387-4196-A86C-4C7FC6EB2EB1}.Release|Any CPU.Build.0 = Release|Any CPU
	EndGlobalSection
	GlobalSection(SolutionProperties) = preSolution
		HideSolutionNode = FALSE
	EndGlobalSection
	GlobalSection(ExtensibilityGlobals) = postSolution
		SolutionGuid = {377D468C-524C-4559-A534-9015CA0826FC}
	EndGlobalSection
EndGlobal
