
Microsoft Visual Studio Solution File, Format Version 12.00
# Visual Studio Version 17
VisualStudioVersion = 17.12.35514.174
MinimumVisualStudioVersion = 10.0.40219.1
Project("{FAE04EC0-301F-11D3-BF4B-00C04F79EFBC}") = "CSharp13_Novidades", "CSharp13_Novidades.csproj", "{3CE7A69F-386F-4440-B55E-1A57C43EDEBE}"
EndProject
Project("{FAE04EC0-301F-11D3-BF4B-00C04F79EFBC}") = "NovoObjeto_lock", "..\NovoObjeto_lock\NovoObjeto_lock.csproj", "{86B2D9A7-06BF-4109-A084-A6D9400492D2}"
EndProject
Global
	GlobalSection(SolutionConfigurationPlatforms) = preSolution
		Debug|Any CPU = Debug|Any CPU
		Release|Any CPU = Release|Any CPU
	EndGlobalSection
	GlobalSection(ProjectConfigurationPlatforms) = postSolution
		{3CE7A69F-386F-4440-B55E-1A57C43EDEBE}.Debug|Any CPU.ActiveCfg = Debug|Any CPU
		{3CE7A69F-386F-4440-B55E-1A57C43EDEBE}.Debug|Any CPU.Build.0 = Debug|Any CPU
		{3CE7A69F-386F-4440-B55E-1A57C43EDEBE}.Release|Any CPU.ActiveCfg = Release|Any CPU
		{3CE7A69F-386F-4440-B55E-1A57C43EDEBE}.Release|Any CPU.Build.0 = Release|Any CPU
		{86B2D9A7-06BF-4109-A084-A6D9400492D2}.Debug|Any CPU.ActiveCfg = Debug|Any CPU
		{86B2D9A7-06BF-4109-A084-A6D9400492D2}.Debug|Any CPU.Build.0 = Debug|Any CPU
		{86B2D9A7-06BF-4109-A084-A6D9400492D2}.Release|Any CPU.ActiveCfg = Release|Any CPU
		{86B2D9A7-06BF-4109-A084-A6D9400492D2}.Release|Any CPU.Build.0 = Release|Any CPU
	EndGlobalSection
	GlobalSection(SolutionProperties) = preSolution
		HideSolutionNode = FALSE
	EndGlobalSection
EndGlobal
