
Microsoft Visual Studio Solution File, Format Version 12.00
# Visual Studio Version 17
VisualStudioVersion = 17.14.36202.13
MinimumVisualStudioVersion = 10.0.40219.1
Project("{FAE04EC0-301F-11D3-BF4B-00C04F79EFBC}") = "AbordagemAntiga", "CallerArgumentExpressionDemo\AbordagemAntiga.csproj", "{CD0967E2-AD20-4B7B-A3DF-B97259732D6B}"
EndProject
Project("{FAE04EC0-301F-11D3-BF4B-00C04F79EFBC}") = "UsandoCallerArgumentExpression", "UsandoCallerArgumentExpression\UsandoCallerArgumentExpression.csproj", "{23031D33-51BC-4C30-A9C0-D6089F8C6870}"
EndProject
Global
	GlobalSection(SolutionConfigurationPlatforms) = preSolution
		Debug|Any CPU = Debug|Any CPU
		Release|Any CPU = Release|Any CPU
	EndGlobalSection
	GlobalSection(ProjectConfigurationPlatforms) = postSolution
		{CD0967E2-AD20-4B7B-A3DF-B97259732D6B}.Debug|Any CPU.ActiveCfg = Debug|Any CPU
		{CD0967E2-AD20-4B7B-A3DF-B97259732D6B}.Debug|Any CPU.Build.0 = Debug|Any CPU
		{CD0967E2-AD20-4B7B-A3DF-B97259732D6B}.Release|Any CPU.ActiveCfg = Release|Any CPU
		{CD0967E2-AD20-4B7B-A3DF-B97259732D6B}.Release|Any CPU.Build.0 = Release|Any CPU
		{23031D33-51BC-4C30-A9C0-D6089F8C6870}.Debug|Any CPU.ActiveCfg = Debug|Any CPU
		{23031D33-51BC-4C30-A9C0-D6089F8C6870}.Debug|Any CPU.Build.0 = Debug|Any CPU
		{23031D33-51BC-4C30-A9C0-D6089F8C6870}.Release|Any CPU.ActiveCfg = Release|Any CPU
		{23031D33-51BC-4C30-A9C0-D6089F8C6870}.Release|Any CPU.Build.0 = Release|Any CPU
	EndGlobalSection
	GlobalSection(SolutionProperties) = preSolution
		HideSolutionNode = FALSE
	EndGlobalSection
	GlobalSection(ExtensibilityGlobals) = postSolution
		SolutionGuid = {B67A5D6A-B7BD-445B-9E8A-5BEDFA7BE997}
	EndGlobalSection
EndGlobal
